
Microsoft Visual Studio Solution File, Format Version 12.00
# Visual Studio 15
VisualStudioVersion = 15.0.28307.168
MinimumVisualStudioVersion = 10.0.40219.1
Project("{8BC9CEB8-8B4A-11D0-8D11-00A0C91BC942}") = "UserInput", "UserInput\UserInput.vcxproj", "{9422EEB4-BF5E-43C6-B964-E6F000AFF023}"
EndProject
Global
	GlobalSection(SolutionConfigurationPlatforms) = preSolution
		Debug|x64 = Debug|x64
		Debug|x86 = Debug|x86
		Release|x64 = Release|x64
		Release|x86 = Release|x86
	EndGlobalSection
	GlobalSection(ProjectConfigurationPlatforms) = postSolution
		{9422EEB4-BF5E-43C6-B964-E6F000AFF023}.Debug|x64.ActiveCfg = Debug|x64
		{9422EEB4-BF5E-43C6-B964-E6F000AFF023}.Debug|x64.Build.0 = Debug|x64
		{9422EEB4-BF5E-43C6-B964-E6F000AFF023}.Debug|x86.ActiveCfg = Debug|Win32
		{9422EEB4-BF5E-43C6-B964-E6F000AFF023}.Debug|x86.Build.0 = Debug|Win32
		{9422EEB4-BF5E-43C6-B964-E6F000AFF023}.Release|x64.ActiveCfg = Release|x64
		{9422EEB4-BF5E-43C6-B964-E6F000AFF023}.Release|x64.Build.0 = Release|x64
		{9422EEB4-BF5E-43C6-B964-E6F000AFF023}.Release|x86.ActiveCfg = Release|Win32
		{9422EEB4-BF5E-43C6-B964-E6F000AFF023}.Release|x86.Build.0 = Release|Win32
	EndGlobalSection
	GlobalSection(SolutionProperties) = preSolution
		HideSolutionNode = FALSE
	EndGlobalSection
	GlobalSection(ExtensibilityGlobals) = postSolution
		SolutionGuid = {8E6088B4-8ED5-465E-A980-7E7F5692B1C5}
	EndGlobalSection
EndGlobal
